Microsoft Visual Studio Solution File, Format Version 12.00
# Visual Studio Version 17
VisualStudioVersion = 17.5.2.0
MinimumVisualStudioVersion = 10.0.40219.1
Project("{2150E333-8FDC-42A3-9474-1A3956D46DE8}") = "Dust-Bunnies", "Dust-Bunnies", "{A2444059-D284-FCE1-F182-BEF6AA158DA9}"
EndProject
Project("{FAE04EC0-301F-11D3-BF4B-00C04F79EFBC}") = "Assembly-CSharp-Editor", "Dust-Bunnies\Assembly-CSharp-Editor.csproj", "{D15A0A3D-3B73-4A50-CFEE-6EFA213E8727}"
EndProject
Project("{FAE04EC0-301F-11D3-BF4B-00C04F79EFBC}") = "Assembly-CSharp", "Dust-Bunnies\Assembly-CSharp.csproj", "{A7491268-8C8E-6C4A-7329-E8F47B3B58F2}"
EndProject
Project("{FAE04EC0-301F-11D3-BF4B-00C04F79EFBC}") = "FMODUnity", "Dust-Bunnies\FMODUnity.csproj", "{83DB71EB-17DA-95B7-0358-7368ADB2F17C}"
EndProject
Project("{FAE04EC0-301F-11D3-BF4B-00C04F79EFBC}") = "FMODUnityEditor", "Dust-Bunnies\FMODUnityEditor.csproj", "{C1B21850-BB8E-2213-229E-23628941E137}"
EndProject
Project("{FAE04EC0-301F-11D3-BF4B-00C04F79EFBC}") = "FMODUnityHaptics", "Dust-Bunnies\FMODUnityHaptics.csproj", "{055C241D-2371-C42E-E9E5-4D9FAA9C4BC9}"
EndProject
Project("{FAE04EC0-301F-11D3-BF4B-00C04F79EFBC}") = "FMODUnityResonance", "Dust-Bunnies\FMODUnityResonance.csproj", "{E9FDDE51-DB1A-7AE4-136A-D56DBEF667EA}"
EndProject
Project("{FAE04EC0-301F-11D3-BF4B-00C04F79EFBC}") = "FMODUnityResonanceEditor", "Dust-Bunnies\FMODUnityResonanceEditor.csproj", "{EF79B9AE-A9E3-39B2-594F-9ED568008028}"
EndProject
Project("{FAE04EC0-301F-11D3-BF4B-00C04F79EFBC}") = "PrimeTween.Installer", "Dust-Bunnies\PrimeTween.Installer.csproj", "{36F97BD5-D4FB-8B63-826D-D25895E90C0E}"
EndProject
Global
	GlobalSection(SolutionConfigurationPlatforms) = preSolution
		Debug|Any CPU = Debug|Any CPU
		Release|Any CPU = Release|Any CPU
	EndGlobalSection
	GlobalSection(ProjectConfigurationPlatforms) = postSolution
		{D15A0A3D-3B73-4A50-CFEE-6EFA213E8727}.Debug|Any CPU.ActiveCfg = Debug|Any CPU
		{D15A0A3D-3B73-4A50-CFEE-6EFA213E8727}.Debug|Any CPU.Build.0 = Debug|Any CPU
		{D15A0A3D-3B73-4A50-CFEE-6EFA213E8727}.Release|Any CPU.ActiveCfg = Release|Any CPU
		{D15A0A3D-3B73-4A50-CFEE-6EFA213E8727}.Release|Any CPU.Build.0 = Release|Any CPU
		{A7491268-8C8E-6C4A-7329-E8F47B3B58F2}.Debug|Any CPU.ActiveCfg = Debug|Any CPU
		{A7491268-8C8E-6C4A-7329-E8F47B3B58F2}.Debug|Any CPU.Build.0 = Debug|Any CPU
		{A7491268-8C8E-6C4A-7329-E8F47B3B58F2}.Release|Any CPU.ActiveCfg = Release|Any CPU
		{A7491268-8C8E-6C4A-7329-E8F47B3B58F2}.Release|Any CPU.Build.0 = Release|Any CPU
		{83DB71EB-17DA-95B7-0358-7368ADB2F17C}.Debug|Any CPU.ActiveCfg = Debug|Any CPU
		{83DB71EB-17DA-95B7-0358-7368ADB2F17C}.Debug|Any CPU.Build.0 = Debug|Any CPU
		{83DB71EB-17DA-95B7-0358-7368ADB2F17C}.Release|Any CPU.ActiveCfg = Release|Any CPU
		{83DB71EB-17DA-95B7-0358-7368ADB2F17C}.Release|Any CPU.Build.0 = Release|Any CPU
		{C1B21850-BB8E-2213-229E-23628941E137}.Debug|Any CPU.ActiveCfg = Debug|Any CPU
		{C1B21850-BB8E-2213-229E-23628941E137}.Debug|Any CPU.Build.0 = Debug|Any CPU
		{C1B21850-BB8E-2213-229E-23628941E137}.Release|Any CPU.ActiveCfg = Release|Any CPU
		{C1B21850-BB8E-2213-229E-23628941E137}.Release|Any CPU.Build.0 = Release|Any CPU
		{055C241D-2371-C42E-E9E5-4D9FAA9C4BC9}.Debug|Any CPU.ActiveCfg = Debug|Any CPU
		{055C241D-2371-C42E-E9E5-4D9FAA9C4BC9}.Debug|Any CPU.Build.0 = Debug|Any CPU
		{055C241D-2371-C42E-E9E5-4D9FAA9C4BC9}.Release|Any CPU.ActiveCfg = Release|Any CPU
		{055C241D-2371-C42E-E9E5-4D9FAA9C4BC9}.Release|Any CPU.Build.0 = Release|Any CPU
		{E9FDDE51-DB1A-7AE4-136A-D56DBEF667EA}.Debug|Any CPU.ActiveCfg = Debug|Any CPU
		{E9FDDE51-DB1A-7AE4-136A-D56DBEF667EA}.Debug|Any CPU.Build.0 = Debug|Any CPU
		{E9FDDE51-DB1A-7AE4-136A-D56DBEF667EA}.Release|Any CPU.ActiveCfg = Release|Any CPU
		{E9FDDE51-DB1A-7AE4-136A-D56DBEF667EA}.Release|Any CPU.Build.0 = Release|Any CPU
		{EF79B9AE-A9E3-39B2-594F-9ED568008028}.Debug|Any CPU.ActiveCfg = Debug|Any CPU
		{EF79B9AE-A9E3-39B2-594F-9ED568008028}.Debug|Any CPU.Build.0 = Debug|Any CPU
		{EF79B9AE-A9E3-39B2-594F-9ED568008028}.Release|Any CPU.ActiveCfg = Release|Any CPU
		{EF79B9AE-A9E3-39B2-594F-9ED568008028}.Release|Any CPU.Build.0 = Release|Any CPU
		{36F97BD5-D4FB-8B63-826D-D25895E90C0E}.Debug|Any CPU.ActiveCfg = Debug|Any CPU
		{36F97BD5-D4FB-8B63-826D-D25895E90C0E}.Debug|Any CPU.Build.0 = Debug|Any CPU
		{36F97BD5-D4FB-8B63-826D-D25895E90C0E}.Release|Any CPU.ActiveCfg = Release|Any CPU
		{36F97BD5-D4FB-8B63-826D-D25895E90C0E}.Release|Any CPU.Build.0 = Release|Any CPU
	EndGlobalSection
	GlobalSection(SolutionProperties) = preSolution
		HideSolutionNode = FALSE
	EndGlobalSection
	GlobalSection(NestedProjects) = preSolution
		{D15A0A3D-3B73-4A50-CFEE-6EFA213E8727} = {A2444059-D284-FCE1-F182-BEF6AA158DA9}
		{A7491268-8C8E-6C4A-7329-E8F47B3B58F2} = {A2444059-D284-FCE1-F182-BEF6AA158DA9}
		{83DB71EB-17DA-95B7-0358-7368ADB2F17C} = {A2444059-D284-FCE1-F182-BEF6AA158DA9}
		{C1B21850-BB8E-2213-229E-23628941E137} = {A2444059-D284-FCE1-F182-BEF6AA158DA9}
		{055C241D-2371-C42E-E9E5-4D9FAA9C4BC9} = {A2444059-D284-FCE1-F182-BEF6AA158DA9}
		{E9FDDE51-DB1A-7AE4-136A-D56DBEF667EA} = {A2444059-D284-FCE1-F182-BEF6AA158DA9}
		{EF79B9AE-A9E3-39B2-594F-9ED568008028} = {A2444059-D284-FCE1-F182-BEF6AA158DA9}
		{36F97BD5-D4FB-8B63-826D-D25895E90C0E} = {A2444059-D284-FCE1-F182-BEF6AA158DA9}
	EndGlobalSection
	GlobalSection(ExtensibilityGlobals) = postSolution
		SolutionGuid = {0333628F-5E2C-4C44-92D3-6DBA22EE9114}
	EndGlobalSection
EndGlobal
